
Microsoft Visual Studio Solution File, Format Version 12.00
# Visual Studio Version 16
VisualStudioVersion = 16.0.28917.181
MinimumVisualStudioVersion = 10.0.40219.1
Project("{9A19103F-16F7-4668-BE54-9A1E7A4F7556}") = "Haushaltsbuch", "Haushaltsbuch\Haushaltsbuch.csproj", "{DA942CAB-34D4-4477-819E-4C4ECDF4080C}"
EndProject
Project("{2150E333-8FDC-42A3-9474-1A3956D46DE8}") = "CrossCutting", "CrossCutting", "{31C50A82-434A-4C69-AD2D-1410F3336507}"
EndProject
Project("{9A19103F-16F7-4668-BE54-9A1E7A4F7556}") = "DataClasses", "DataClasses\DataClasses.csproj", "{1719CAD4-8BDF-4903-AD0B-25634B64D9A6}"
EndProject
Project("{2150E333-8FDC-42A3-9474-1A3956D46DE8}") = "UI", "UI", "{E9F36254-11EE-4D45-A6FA-583372A1D809}"
EndProject
Project("{2150E333-8FDC-42A3-9474-1A3956D46DE8}") = "Data", "Data", "{571F39ED-A6C8-4630-9A79-C8DADB65DD1B}"
EndProject
Project("{2150E333-8FDC-42A3-9474-1A3956D46DE8}") = "Registrations", "Registrations", "{92E0971C-33E4-4963-AF37-539E64818A7E}"
EndProject
Project("{2150E333-8FDC-42A3-9474-1A3956D46DE8}") = "Logic", "Logic", "{5DDA63A4-1F0D-44BE-BAEE-8F0BBF1DFDCB}"
	ProjectSection(SolutionItems) = preProject
		Classifiation.md = Classifiation.md
	EndProjectSection
EndProject
Project("{9A19103F-16F7-4668-BE54-9A1E7A4F7556}") = "DataStoring.Contract", "DataStoring.Contract\DataStoring.Contract.csproj", "{6E092BBD-C35B-406C-B54D-3D4B43A3F1B7}"
EndProject
Project("{9A19103F-16F7-4668-BE54-9A1E7A4F7556}") = "EntryManagement.Contract", "DataManagement\EntryManagement.Contract.csproj", "{92D92B52-6C00-4097-A8FA-F5B92369BBCF}"
EndProject
Project("{9A19103F-16F7-4668-BE54-9A1E7A4F7556}") = "ItemManagement.Contract", "ItemManagement.Contract\ItemManagement.Contract.csproj", "{CF80CE4C-2034-4359-8551-1ED6CE0B8CFC}"
EndProject
Project("{9A19103F-16F7-4668-BE54-9A1E7A4F7556}") = "SourceManagement.Contract", "SourceManagement.Contract\SourceManagement.Contract.csproj", "{83C2E0D0-042C-4132-B46D-FF84AA451779}"
EndProject
Project("{9A19103F-16F7-4668-BE54-9A1E7A4F7556}") = "DataStoring.SqLite", "DataStoring.Sql\DataStoring.SqLite.csproj", "{8C89CB05-0550-4C22-8733-632DAEECF8D0}"
EndProject
Project("{9A19103F-16F7-4668-BE54-9A1E7A4F7556}") = "EntryManagement", "EntryManagement\EntryManagement.csproj", "{44700C0F-742A-4591-AF47-F6ADAF2FB428}"
EndProject
Project("{9A19103F-16F7-4668-BE54-9A1E7A4F7556}") = "ItemManagement", "ItemManagement\ItemManagement.csproj", "{9677F023-3743-4DF9-ACE6-B15BEE650A71}"
EndProject
Project("{9A19103F-16F7-4668-BE54-9A1E7A4F7556}") = "SourceManagement", "SourceManagement\SourceManagement.csproj", "{BB60F827-BCFB-4CC8-A872-A4CCD7EC264E}"
EndProject
Project("{9A19103F-16F7-4668-BE54-9A1E7A4F7556}") = "Mappings", "Mappings\Mappings.csproj", "{8430DA9D-234F-4BBE-94B5-63FED5E7931D}"
EndProject
Project("{2150E333-8FDC-42A3-9474-1A3956D46DE8}") = "Core", "Core", "{8492E420-7133-4A3E-9EEE-2D3881F1C6E5}"
EndProject
Project("{9A19103F-16F7-4668-BE54-9A1E7A4F7556}") = "CoCo.Core.Contract", "..\..\CoCo2.0\CoCo.Core.Contract\CoCo.Core.Contract.csproj", "{AC7E303D-8174-4FA0-878C-B326DB1ACC07}"
EndProject
Project("{9A19103F-16F7-4668-BE54-9A1E7A4F7556}") = "CoCo.Core.Bootstrapping", "..\..\CoCo2.0\CoCo.Core.Bootstrapping\CoCo.Core.Bootstrapping.csproj", "{0A208C55-4B08-44E6-8076-778925DF35F4}"
EndProject
Project("{9A19103F-16F7-4668-BE54-9A1E7A4F7556}") = "CoCo.Core.Configuration", "..\..\CoCo2.0\CoCo.Core.Configuration\CoCo.Core.Configuration.csproj", "{DD4704E8-3495-4C4F-9937-5D422856D533}"
EndProject
Project("{9A19103F-16F7-4668-BE54-9A1E7A4F7556}") = "CoCo.Core.EventBrokerage", "..\..\CoCo2.0\CoCo.Core.EventBrokerage\CoCo.Core.EventBrokerage.csproj", "{802BB7AD-4ADB-4F63-B197-EEBE22747E1B}"
EndProject
Project("{9A19103F-16F7-4668-BE54-9A1E7A4F7556}") = "CoCo.Core.PrismAdapter", "CoCo.Core.PrismAdapter\CoCo.Core.PrismAdapter.csproj", "{F91CB43A-4251-4068-81B2-4E21C16E652F}"
EndProject
Project("{9A19103F-16F7-4668-BE54-9A1E7A4F7556}") = "Haushaltsbuch.MigrationConsole", "Haushaltsbuch.MigrationConsole\Haushaltsbuch.MigrationConsole.csproj", "{E1598701-C906-4985-BBF9-6A710E6A3306}"
EndProject
Project("{2150E333-8FDC-42A3-9474-1A3956D46DE8}") = "Business", "Business", "{F2D69540-DD38-433C-A1DE-DE8453386A0F}"
EndProject
Project("{2150E333-8FDC-42A3-9474-1A3956D46DE8}") = "Domain", "Domain", "{6D7C29BB-449B-43C4-9971-12C3D98D3715}"
EndProject
Project("{2150E333-8FDC-42A3-9474-1A3956D46DE8}") = "Foundation", "Foundation", "{519E7077-73E1-466B-9A9F-25756EE4B19D}"
EndProject
Project("{2150E333-8FDC-42A3-9474-1A3956D46DE8}") = "Integration", "Integration", "{1C591FD6-094A-4441-AF8A-8149C37E9B4A}"
EndProject
Project("{FAE04EC0-301F-11D3-BF4B-00C04F79EFBC}") = "BillManagement.Contract", "BillManagement.Contract\BillManagement.Contract.csproj", "{8CBA46ED-2BEC-4EB0-8556-6FCA3E2BD8C0}"
EndProject
Project("{FAE04EC0-301F-11D3-BF4B-00C04F79EFBC}") = "BillManagement", "BillManagement\BillManagement.csproj", "{7F62C886-533C-4FAB-A9E1-9D2C0590C855}"
EndProject
Project("{FAE04EC0-301F-11D3-BF4B-00C04F79EFBC}") = "ItemHistoryManagement.Contract", "ItemHistoryManagement.Contract\ItemHistoryManagement.Contract.csproj", "{866BB70F-2E47-42FE-9175-C19E533E1246}"
EndProject
Project("{FAE04EC0-301F-11D3-BF4B-00C04F79EFBC}") = "ItemHistoryManagement", "ItemHistoryManagement\ItemHistoryManagement.csproj", "{10F8EC77-05E0-48F7-8BC7-11C04F0375E9}"
EndProject
Project("{FAE04EC0-301F-11D3-BF4B-00C04F79EFBC}") = "ItemHistoryWorkflow", "ItemHistoryWorkflow\ItemHistoryWorkflow.csproj", "{869AF19C-4AA9-43CE-8661-ACCEFE5BFCD9}"
EndProject
Global
	GlobalSection(SolutionConfigurationPlatforms) = preSolution
		Debug|Any CPU = Debug|Any CPU
		Release|Any CPU = Release|Any CPU
	EndGlobalSection
	GlobalSection(ProjectConfigurationPlatforms) = postSolution
		{DA942CAB-34D4-4477-819E-4C4ECDF4080C}.Debug|Any CPU.ActiveCfg = Debug|Any CPU
		{DA942CAB-34D4-4477-819E-4C4ECDF4080C}.Debug|Any CPU.Build.0 = Debug|Any CPU
		{DA942CAB-34D4-4477-819E-4C4ECDF4080C}.Release|Any CPU.ActiveCfg = Release|Any CPU
		{DA942CAB-34D4-4477-819E-4C4ECDF4080C}.Release|Any CPU.Build.0 = Release|Any CPU
		{1719CAD4-8BDF-4903-AD0B-25634B64D9A6}.Debug|Any CPU.ActiveCfg = Debug|Any CPU
		{1719CAD4-8BDF-4903-AD0B-25634B64D9A6}.Debug|Any CPU.Build.0 = Debug|Any CPU
		{1719CAD4-8BDF-4903-AD0B-25634B64D9A6}.Release|Any CPU.ActiveCfg = Release|Any CPU
		{1719CAD4-8BDF-4903-AD0B-25634B64D9A6}.Release|Any CPU.Build.0 = Release|Any CPU
		{6E092BBD-C35B-406C-B54D-3D4B43A3F1B7}.Debug|Any CPU.ActiveCfg = Debug|Any CPU
		{6E092BBD-C35B-406C-B54D-3D4B43A3F1B7}.Debug|Any CPU.Build.0 = Debug|Any CPU
		{6E092BBD-C35B-406C-B54D-3D4B43A3F1B7}.Release|Any CPU.ActiveCfg = Release|Any CPU
		{6E092BBD-C35B-406C-B54D-3D4B43A3F1B7}.Release|Any CPU.Build.0 = Release|Any CPU
		{92D92B52-6C00-4097-A8FA-F5B92369BBCF}.Debug|Any CPU.ActiveCfg = Debug|Any CPU
		{92D92B52-6C00-4097-A8FA-F5B92369BBCF}.Debug|Any CPU.Build.0 = Debug|Any CPU
		{92D92B52-6C00-4097-A8FA-F5B92369BBCF}.Release|Any CPU.ActiveCfg = Release|Any CPU
		{92D92B52-6C00-4097-A8FA-F5B92369BBCF}.Release|Any CPU.Build.0 = Release|Any CPU
		{CF80CE4C-2034-4359-8551-1ED6CE0B8CFC}.Debug|Any CPU.ActiveCfg = Debug|Any CPU
		{CF80CE4C-2034-4359-8551-1ED6CE0B8CFC}.Debug|Any CPU.Build.0 = Debug|Any CPU
		{CF80CE4C-2034-4359-8551-1ED6CE0B8CFC}.Release|Any CPU.ActiveCfg = Release|Any CPU
		{CF80CE4C-2034-4359-8551-1ED6CE0B8CFC}.Release|Any CPU.Build.0 = Release|Any CPU
		{83C2E0D0-042C-4132-B46D-FF84AA451779}.Debug|Any CPU.ActiveCfg = Debug|Any CPU
		{83C2E0D0-042C-4132-B46D-FF84AA451779}.Debug|Any CPU.Build.0 = Debug|Any CPU
		{83C2E0D0-042C-4132-B46D-FF84AA451779}.Release|Any CPU.ActiveCfg = Release|Any CPU
		{83C2E0D0-042C-4132-B46D-FF84AA451779}.Release|Any CPU.Build.0 = Release|Any CPU
		{8C89CB05-0550-4C22-8733-632DAEECF8D0}.Debug|Any CPU.ActiveCfg = Debug|Any CPU
		{8C89CB05-0550-4C22-8733-632DAEECF8D0}.Debug|Any CPU.Build.0 = Debug|Any CPU
		{8C89CB05-0550-4C22-8733-632DAEECF8D0}.Release|Any CPU.ActiveCfg = Release|Any CPU
		{8C89CB05-0550-4C22-8733-632DAEECF8D0}.Release|Any CPU.Build.0 = Release|Any CPU
		{44700C0F-742A-4591-AF47-F6ADAF2FB428}.Debug|Any CPU.ActiveCfg = Debug|Any CPU
		{44700C0F-742A-4591-AF47-F6ADAF2FB428}.Debug|Any CPU.Build.0 = Debug|Any CPU
		{44700C0F-742A-4591-AF47-F6ADAF2FB428}.Release|Any CPU.ActiveCfg = Release|Any CPU
		{44700C0F-742A-4591-AF47-F6ADAF2FB428}.Release|Any CPU.Build.0 = Release|Any CPU
		{9677F023-3743-4DF9-ACE6-B15BEE650A71}.Debug|Any CPU.ActiveCfg = Debug|Any CPU
		{9677F023-3743-4DF9-ACE6-B15BEE650A71}.Debug|Any CPU.Build.0 = Debug|Any CPU
		{9677F023-3743-4DF9-ACE6-B15BEE650A71}.Release|Any CPU.ActiveCfg = Release|Any CPU
		{9677F023-3743-4DF9-ACE6-B15BEE650A71}.Release|Any CPU.Build.0 = Release|Any CPU
		{BB60F827-BCFB-4CC8-A872-A4CCD7EC264E}.Debug|Any CPU.ActiveCfg = Debug|Any CPU
		{BB60F827-BCFB-4CC8-A872-A4CCD7EC264E}.Debug|Any CPU.Build.0 = Debug|Any CPU
		{BB60F827-BCFB-4CC8-A872-A4CCD7EC264E}.Release|Any CPU.ActiveCfg = Release|Any CPU
		{BB60F827-BCFB-4CC8-A872-A4CCD7EC264E}.Release|Any CPU.Build.0 = Release|Any CPU
		{8430DA9D-234F-4BBE-94B5-63FED5E7931D}.Debug|Any CPU.ActiveCfg = Debug|Any CPU
		{8430DA9D-234F-4BBE-94B5-63FED5E7931D}.Debug|Any CPU.Build.0 = Debug|Any CPU
		{8430DA9D-234F-4BBE-94B5-63FED5E7931D}.Release|Any CPU.ActiveCfg = Release|Any CPU
		{8430DA9D-234F-4BBE-94B5-63FED5E7931D}.Release|Any CPU.Build.0 = Release|Any CPU
		{AC7E303D-8174-4FA0-878C-B326DB1ACC07}.Debug|Any CPU.ActiveCfg = Debug|Any CPU
		{AC7E303D-8174-4FA0-878C-B326DB1ACC07}.Debug|Any CPU.Build.0 = Debug|Any CPU
		{AC7E303D-8174-4FA0-878C-B326DB1ACC07}.Release|Any CPU.ActiveCfg = Release|Any CPU
		{AC7E303D-8174-4FA0-878C-B326DB1ACC07}.Release|Any CPU.Build.0 = Release|Any CPU
		{0A208C55-4B08-44E6-8076-778925DF35F4}.Debug|Any CPU.ActiveCfg = Debug|Any CPU
		{0A208C55-4B08-44E6-8076-778925DF35F4}.Debug|Any CPU.Build.0 = Debug|Any CPU
		{0A208C55-4B08-44E6-8076-778925DF35F4}.Release|Any CPU.ActiveCfg = Release|Any CPU
		{0A208C55-4B08-44E6-8076-778925DF35F4}.Release|Any CPU.Build.0 = Release|Any CPU
		{DD4704E8-3495-4C4F-9937-5D422856D533}.Debug|Any CPU.ActiveCfg = Debug|Any CPU
		{DD4704E8-3495-4C4F-9937-5D422856D533}.Debug|Any CPU.Build.0 = Debug|Any CPU
		{DD4704E8-3495-4C4F-9937-5D422856D533}.Release|Any CPU.ActiveCfg = Release|Any CPU
		{DD4704E8-3495-4C4F-9937-5D422856D533}.Release|Any CPU.Build.0 = Release|Any CPU
		{802BB7AD-4ADB-4F63-B197-EEBE22747E1B}.Debug|Any CPU.ActiveCfg = Debug|Any CPU
		{802BB7AD-4ADB-4F63-B197-EEBE22747E1B}.Debug|Any CPU.Build.0 = Debug|Any CPU
		{802BB7AD-4ADB-4F63-B197-EEBE22747E1B}.Release|Any CPU.ActiveCfg = Release|Any CPU
		{802BB7AD-4ADB-4F63-B197-EEBE22747E1B}.Release|Any CPU.Build.0 = Release|Any CPU
		{F91CB43A-4251-4068-81B2-4E21C16E652F}.Debug|Any CPU.ActiveCfg = Debug|Any CPU
		{F91CB43A-4251-4068-81B2-4E21C16E652F}.Debug|Any CPU.Build.0 = Debug|Any CPU
		{F91CB43A-4251-4068-81B2-4E21C16E652F}.Release|Any CPU.ActiveCfg = Release|Any CPU
		{F91CB43A-4251-4068-81B2-4E21C16E652F}.Release|Any CPU.Build.0 = Release|Any CPU
		{E1598701-C906-4985-BBF9-6A710E6A3306}.Debug|Any CPU.ActiveCfg = Debug|Any CPU
		{E1598701-C906-4985-BBF9-6A710E6A3306}.Debug|Any CPU.Build.0 = Debug|Any CPU
		{E1598701-C906-4985-BBF9-6A710E6A3306}.Release|Any CPU.ActiveCfg = Release|Any CPU
		{E1598701-C906-4985-BBF9-6A710E6A3306}.Release|Any CPU.Build.0 = Release|Any CPU
		{8CBA46ED-2BEC-4EB0-8556-6FCA3E2BD8C0}.Debug|Any CPU.ActiveCfg = Debug|Any CPU
		{8CBA46ED-2BEC-4EB0-8556-6FCA3E2BD8C0}.Debug|Any CPU.Build.0 = Debug|Any CPU
		{8CBA46ED-2BEC-4EB0-8556-6FCA3E2BD8C0}.Release|Any CPU.ActiveCfg = Release|Any CPU
		{8CBA46ED-2BEC-4EB0-8556-6FCA3E2BD8C0}.Release|Any CPU.Build.0 = Release|Any CPU
		{7F62C886-533C-4FAB-A9E1-9D2C0590C855}.Debug|Any CPU.ActiveCfg = Debug|Any CPU
		{7F62C886-533C-4FAB-A9E1-9D2C0590C855}.Debug|Any CPU.Build.0 = Debug|Any CPU
		{7F62C886-533C-4FAB-A9E1-9D2C0590C855}.Release|Any CPU.ActiveCfg = Release|Any CPU
		{7F62C886-533C-4FAB-A9E1-9D2C0590C855}.Release|Any CPU.Build.0 = Release|Any CPU
		{866BB70F-2E47-42FE-9175-C19E533E1246}.Debug|Any CPU.ActiveCfg = Debug|Any CPU
		{866BB70F-2E47-42FE-9175-C19E533E1246}.Debug|Any CPU.Build.0 = Debug|Any CPU
		{866BB70F-2E47-42FE-9175-C19E533E1246}.Release|Any CPU.ActiveCfg = Release|Any CPU
		{866BB70F-2E47-42FE-9175-C19E533E1246}.Release|Any CPU.Build.0 = Release|Any CPU
		{10F8EC77-05E0-48F7-8BC7-11C04F0375E9}.Debug|Any CPU.ActiveCfg = Debug|Any CPU
		{10F8EC77-05E0-48F7-8BC7-11C04F0375E9}.Debug|Any CPU.Build.0 = Debug|Any CPU
		{10F8EC77-05E0-48F7-8BC7-11C04F0375E9}.Release|Any CPU.ActiveCfg = Release|Any CPU
		{10F8EC77-05E0-48F7-8BC7-11C04F0375E9}.Release|Any CPU.Build.0 = Release|Any CPU
		{869AF19C-4AA9-43CE-8661-ACCEFE5BFCD9}.Debug|Any CPU.ActiveCfg = Debug|Any CPU
		{869AF19C-4AA9-43CE-8661-ACCEFE5BFCD9}.Debug|Any CPU.Build.0 = Debug|Any CPU
		{869AF19C-4AA9-43CE-8661-ACCEFE5BFCD9}.Release|Any CPU.ActiveCfg = Release|Any CPU
		{869AF19C-4AA9-43CE-8661-ACCEFE5BFCD9}.Release|Any CPU.Build.0 = Release|Any CPU
	EndGlobalSection
	GlobalSection(SolutionProperties) = preSolution
		HideSolutionNode = FALSE
	EndGlobalSection
	GlobalSection(NestedProjects) = preSolution
		{DA942CAB-34D4-4477-819E-4C4ECDF4080C} = {E9F36254-11EE-4D45-A6FA-583372A1D809}
		{1719CAD4-8BDF-4903-AD0B-25634B64D9A6} = {31C50A82-434A-4C69-AD2D-1410F3336507}
		{6E092BBD-C35B-406C-B54D-3D4B43A3F1B7} = {571F39ED-A6C8-4630-9A79-C8DADB65DD1B}
		{92D92B52-6C00-4097-A8FA-F5B92369BBCF} = {6D7C29BB-449B-43C4-9971-12C3D98D3715}
		{CF80CE4C-2034-4359-8551-1ED6CE0B8CFC} = {6D7C29BB-449B-43C4-9971-12C3D98D3715}
		{83C2E0D0-042C-4132-B46D-FF84AA451779} = {6D7C29BB-449B-43C4-9971-12C3D98D3715}
		{8C89CB05-0550-4C22-8733-632DAEECF8D0} = {571F39ED-A6C8-4630-9A79-C8DADB65DD1B}
		{44700C0F-742A-4591-AF47-F6ADAF2FB428} = {6D7C29BB-449B-43C4-9971-12C3D98D3715}
		{9677F023-3743-4DF9-ACE6-B15BEE650A71} = {6D7C29BB-449B-43C4-9971-12C3D98D3715}
		{BB60F827-BCFB-4CC8-A872-A4CCD7EC264E} = {6D7C29BB-449B-43C4-9971-12C3D98D3715}
		{8430DA9D-234F-4BBE-94B5-63FED5E7931D} = {92E0971C-33E4-4963-AF37-539E64818A7E}
		{8492E420-7133-4A3E-9EEE-2D3881F1C6E5} = {31C50A82-434A-4C69-AD2D-1410F3336507}
		{AC7E303D-8174-4FA0-878C-B326DB1ACC07} = {8492E420-7133-4A3E-9EEE-2D3881F1C6E5}
		{0A208C55-4B08-44E6-8076-778925DF35F4} = {8492E420-7133-4A3E-9EEE-2D3881F1C6E5}
		{DD4704E8-3495-4C4F-9937-5D422856D533} = {8492E420-7133-4A3E-9EEE-2D3881F1C6E5}
		{802BB7AD-4ADB-4F63-B197-EEBE22747E1B} = {8492E420-7133-4A3E-9EEE-2D3881F1C6E5}
		{F91CB43A-4251-4068-81B2-4E21C16E652F} = {8492E420-7133-4A3E-9EEE-2D3881F1C6E5}
		{E1598701-C906-4985-BBF9-6A710E6A3306} = {E9F36254-11EE-4D45-A6FA-583372A1D809}
		{F2D69540-DD38-433C-A1DE-DE8453386A0F} = {5DDA63A4-1F0D-44BE-BAEE-8F0BBF1DFDCB}
		{6D7C29BB-449B-43C4-9971-12C3D98D3715} = {5DDA63A4-1F0D-44BE-BAEE-8F0BBF1DFDCB}
		{519E7077-73E1-466B-9A9F-25756EE4B19D} = {5DDA63A4-1F0D-44BE-BAEE-8F0BBF1DFDCB}
		{1C591FD6-094A-4441-AF8A-8149C37E9B4A} = {5DDA63A4-1F0D-44BE-BAEE-8F0BBF1DFDCB}
		{8CBA46ED-2BEC-4EB0-8556-6FCA3E2BD8C0} = {6D7C29BB-449B-43C4-9971-12C3D98D3715}
		{7F62C886-533C-4FAB-A9E1-9D2C0590C855} = {6D7C29BB-449B-43C4-9971-12C3D98D3715}
		{866BB70F-2E47-42FE-9175-C19E533E1246} = {6D7C29BB-449B-43C4-9971-12C3D98D3715}
		{10F8EC77-05E0-48F7-8BC7-11C04F0375E9} = {6D7C29BB-449B-43C4-9971-12C3D98D3715}
		{869AF19C-4AA9-43CE-8661-ACCEFE5BFCD9} = {F2D69540-DD38-433C-A1DE-DE8453386A0F}
	EndGlobalSection
	GlobalSection(ExtensibilityGlobals) = postSolution
		SolutionGuid = {55E01D1C-6A66-4A63-81C4-8E4685AFBE97}
	EndGlobalSection
EndGlobal
